<?xml version="1.0" encoding="utf-8"?>
<Project ToolsVersion="4.0" xmlns="http://schemas.microsoft.com/developer/msbuild/2003">
  <ItemGroup>
    <Filter Include="Source Files">
      <UniqueIdentifier>{4FC737F1-C7A5-4376-A066-2A32D752A2FF}</UniqueIdentifier>
      <Extensions>cpp;c;cc;cxx;def;odl;idl;hpj;bat;asm;asmx</Extensions>
    </Filter>
    <Filter Include="Header Files">
      <UniqueIdentifier>{93995380-89BD-4b04-88EB-625FBE52EBFB}</UniqueIdentifier>
      <Extensions>h;hh;hpp;hxx;hm;inl;inc;ipp;xsd</Extensions>
    </Filter>
    <Filter Include="Resource Files">
      <UniqueIdentifier>{67DA6AB6-F800-4c08-8B7A-83BB121AAD01}</UniqueIdentifier>
      <Extensions>rc;ico;cur;bmp;dlg;rc2;rct;bin;rgs;gif;jpg;jpeg;jpe;resx;tiff;tif;png;wav;mfcribbon-ms</Extensions>
    </Filter>
    <Filter Include="Header Files\Components">
      <UniqueIdentifier>{6f180b24-7f97-4348-8c1d-7e237b251ee9}</UniqueIdentifier>
    </Filter>
    <Filter Include="Header Files\Engine Objects">
      <UniqueIdentifier>{a80bbb07-b25e-4896-95fb-c59e5a41d550}</UniqueIdentifier>
    </Filter>
    <Filter Include="Header Files\Engine Utilities">
      <UniqueIdentifier>{fb00f10c-5b43-412f-a5d3-445d60ca54ba}</UniqueIdentifier>
    </Filter>
    <Filter Include="Source Files\Engine Objects">
      <UniqueIdentifier>{ce96bbee-9e52-4a30-93a5-cdcfad4323fc}</UniqueIdentifier>
    </Filter>
    <Filter Include="Source Files\Engine Utilities">
      <UniqueIdentifier>{71d3d7c0-15ce-4a74-97b6-dc9e85deac18}</UniqueIdentifier>
    </Filter>
    <Filter Include="Resource Files\Fonts">
      <UniqueIdentifier>{5e336c83-6bbe-434a-b9a5-c53db1df3040}</UniqueIdentifier>
    </Filter>
    <Filter Include="Resource Files\Shaders">
      <UniqueIdentifier>{8bc309bd-ca2f-46b1-b31b-9d0056c05eae}</UniqueIdentifier>
    </Filter>
  </ItemGroup>
  <ItemGroup>
    <ClCompile Include="GameArc.cpp">
      <Filter>Source Files</Filter>
    </ClCompile>
    <ClCompile Include="src\Game.cpp">
      <Filter>Source Files\Engine Utilities</Filter>
    </ClCompile>
    <ClCompile Include="src\GLAD\glad.c">
      <Filter>Source Files\Engine Utilities</Filter>
    </ClCompile>
    <ClCompile Include="src\GLFW_EngineCore.cpp">
      <Filter>Source Files\Engine Utilities</Filter>
    </ClCompile>
    <ClCompile Include="src\jsoncpp.cpp">
      <Filter>Source Files\Engine Utilities</Filter>
    </ClCompile>
    <ClCompile Include="src\Mesh.cpp">
      <Filter>Source Files\Engine Objects</Filter>
    </ClCompile>
    <ClCompile Include="src\Model.cpp">
      <Filter>Source Files\Engine Objects</Filter>
    </ClCompile>
    <ClCompile Include="src\ModelHandler.cpp">
      <Filter>Source Files\Engine Objects</Filter>
    </ClCompile>
    <ClCompile Include="src\Scene.cpp">
      <Filter>Source Files\Engine Objects</Filter>
    </ClCompile>
    <ClCompile Include="src\stb_image.c">
      <Filter>Source Files\Engine Utilities</Filter>
    </ClCompile>
    <ClCompile Include="src\TextWriter.cpp">
      <Filter>Source Files\Engine Utilities</Filter>
    </ClCompile>
    <ClCompile Include="src\DebugHelper.cpp">
      <Filter>Source Files\Engine Utilities</Filter>
    </ClCompile>
  </ItemGroup>
  <ItemGroup>
    <ClInclude Include="Engine\Camera.h">
      <Filter>Header Files\Engine Objects</Filter>
    </ClInclude>
    <ClInclude Include="Engine\CameraComponent.h">
      <Filter>Header Files\Components</Filter>
    </ClInclude>
    <ClInclude Include="Engine\ColourComponent.h">
      <Filter>Header Files\Components</Filter>
    </ClInclude>
    <ClInclude Include="Engine\Component.h">
      <Filter>Header Files\Components</Filter>
    </ClInclude>
    <ClInclude Include="Engine\EventCameraComponent.h">
      <Filter>Header Files\Components</Filter>
    </ClInclude>
    <ClInclude Include="Engine\EventHandler.h">
      <Filter>Header Files\Engine Objects</Filter>
    </ClInclude>
    <ClInclude Include="Engine\Game.h">
      <Filter>Header Files\Engine Utilities</Filter>
    </ClInclude>
    <ClInclude Include="Engine\GameObject.h">
      <Filter>Header Files\Engine Objects</Filter>
    </ClInclude>
    <ClInclude Include="Engine\GLFW_EngineCore.h">
      <Filter>Header Files\Engine Utilities</Filter>
    </ClInclude>
    <ClInclude Include="Engine\global.h">
      <Filter>Header Files\Engine Utilities</Filter>
    </ClInclude>
    <ClInclude Include="Engine\IEngineCore.h">
      <Filter>Header Files\Engine Utilities</Filter>
    </ClInclude>
    <ClInclude Include="Engine\InputHandler.h">
      <Filter>Header Files\Engine Objects</Filter>
    </ClInclude>
    <ClInclude Include="Engine\json.h">
      <Filter>Header Files\Engine Utilities</Filter>
    </ClInclude>
    <ClInclude Include="Engine\json-forwards.h">
      <Filter>Header Files\Engine Utilities</Filter>
    </ClInclude>
    <ClInclude Include="Engine\Mesh.h">
      <Filter>Header Files\Engine Objects</Filter>
    </ClInclude>
    <ClInclude Include="Engine\Model.h">
      <Filter>Header Files\Engine Objects</Filter>
    </ClInclude>
    <ClInclude Include="Engine\ModelComponent.h">
      <Filter>Header Files\Components</Filter>
    </ClInclude>
    <ClInclude Include="Engine\ModelHandler.h">
      <Filter>Header Files\Engine Objects</Filter>
    </ClInclude>
    <ClInclude Include="Engine\PlayerComponent.h">
      <Filter>Header Files\Components</Filter>
    </ClInclude>
    <ClInclude Include="Engine\Scene.h">
      <Filter>Header Files\Engine Objects</Filter>
    </ClInclude>
    <ClInclude Include="Engine\stb_image.h">
      <Filter>Header Files\Engine Utilities</Filter>
    </ClInclude>
    <ClInclude Include="Engine\TransformComponent.h">
      <Filter>Header Files\Components</Filter>
    </ClInclude>
    <ClInclude Include="Engine\TextWriter.h">
      <Filter>Header Files\Engine Utilities</Filter>
    </ClInclude>
    <ClInclude Include="Engine\Shader.h">
      <Filter>Header Files\Engine Utilities</Filter>
    </ClInclude>
    <ClInclude Include="Engine\DebugHelper.h">
      <Filter>Header Files\Engine Utilities</Filter>
    </ClInclude>
    <ClInclude Include="Engine\ft2build.h">
      <Filter>Header Files\Engine Utilities</Filter>
    </ClInclude>
    <ClInclude Include="Engine\TextUIComponent.h">
      <Filter>Header Files\Components</Filter>
    </ClInclude>
  </ItemGroup>
  <ItemGroup>
    <None Include="assets\shaders\TextWriter.frag">
      <Filter>Resource Files\Shaders</Filter>
    </None>
    <None Include="assets\shaders\TextWriter.vert">
      <Filter>Resource Files\Shaders</Filter>
    </None>
  </ItemGroup>
  <ItemGroup>
    <Font Include="assets\fonts\GenericMobileSystem.ttf">
      <Filter>Resource Files\Fonts</Filter>
    </Font>
  </ItemGroup>
</Project>