<?xml version="1.0" encoding="utf-8"?>
<Project ToolsVersion="4.0" xmlns="http://schemas.microsoft.com/developer/msbuild/2003">
  <ItemGroup>
    <Filter Include="Source Files">
      <UniqueIdentifier>{4FC737F1-C7A5-4376-A066-2A32D752A2FF}</UniqueIdentifier>
      <Extensions>cpp;c;cc;cxx;def;odl;idl;hpj;bat;asm;asmx</Extensions>
    </Filter>
    <Filter Include="Header Files">
      <UniqueIdentifier>{93995380-89BD-4b04-88EB-625FBE52EBFB}</UniqueIdentifier>
      <Extensions>h;hh;hpp;hxx;hm;inl;inc;ipp;xsd</Extensions>
    </Filter>
    <Filter Include="Resource Files">
      <UniqueIdentifier>{67DA6AB6-F800-4c08-8B7A-83BB121AAD01}</UniqueIdentifier>
      <Extensions>rc;ico;cur;bmp;dlg;rc2;rct;bin;rgs;gif;jpg;jpeg;jpe;resx;tiff;tif;png;wav;mfcribbon-ms</Extensions>
    </Filter>
    <Filter Include="Resource Files\Level Data">
      <UniqueIdentifier>{1b170ca0-d904-4821-b598-152e4a362887}</UniqueIdentifier>
    </Filter>
    <Filter Include="Resource Files\Shaders">
      <UniqueIdentifier>{ce64c754-02cd-4a0b-8301-8434ce0786ff}</UniqueIdentifier>
    </Filter>
    <Filter Include="Resource Files\Fonts">
      <UniqueIdentifier>{27c24182-9161-48a1-89d4-160afc19500c}</UniqueIdentifier>
    </Filter>
  </ItemGroup>
  <ItemGroup>
    <None Include="assets\levels\myCubeLevel.json">
      <Filter>Resource Files\Level Data</Filter>
    </None>
    <None Include="assets\levels\scene1.json">
      <Filter>Resource Files\Level Data</Filter>
    </None>
    <None Include="assets\shaders\defaultShader.frag">
      <Filter>Resource Files\Shaders</Filter>
    </None>
    <None Include="assets\shaders\defaultShader.vert">
      <Filter>Resource Files\Shaders</Filter>
    </None>
    <None Include="assets\shaders\TextWriter.frag">
      <Filter>Resource Files\Shaders</Filter>
    </None>
    <None Include="assets\shaders\TextWriter.vert">
      <Filter>Resource Files\Shaders</Filter>
    </None>
    <None Include="assets\inputs.json">
      <Filter>Resource Files</Filter>
    </None>
    <None Include="assets\levels.json">
      <Filter>Resource Files</Filter>
    </None>
    <None Include="assets\shaders\surfaceTexture.frag">
      <Filter>Resource Files\Shaders</Filter>
    </None>
    <None Include="assets\shaders\surfaceTexture.vert">
      <Filter>Resource Files\Shaders</Filter>
    </None>
    <None Include="assets\shaders\Shader2D.frag">
      <Filter>Resource Files\Shaders</Filter>
    </None>
    <None Include="assets\shaders\Shader2D.vert">
      <Filter>Resource Files\Shaders</Filter>
    </None>
    <None Include="assets\shaders\phong2.frag">
      <Filter>Resource Files\Shaders</Filter>
    </None>
    <None Include="assets\shaders\phong2.vert">
      <Filter>Resource Files\Shaders</Filter>
    </None>
    <None Include="assets\shaders\simpleShadow.frag">
      <Filter>Resource Files\Shaders</Filter>
    </None>
    <None Include="assets\shaders\simpleShadow.vert">
      <Filter>Resource Files\Shaders</Filter>
    </None>
    <None Include="assets\shaders\debugShadow.frag">
      <Filter>Resource Files\Shaders</Filter>
    </None>
    <None Include="assets\shaders\debugShadow.vert">
      <Filter>Resource Files\Shaders</Filter>
    </None>
    <None Include="assets\shaders\debugging.frag">
      <Filter>Resource Files\Shaders</Filter>
    </None>
    <None Include="assets\shaders\debugging.vert">
      <Filter>Resource Files\Shaders</Filter>
    </None>
    <None Include="assets\shaders\pointShadow.frag">
      <Filter>Resource Files\Shaders</Filter>
    </None>
    <None Include="assets\shaders\pointShadow.geom">
      <Filter>Resource Files\Shaders</Filter>
    </None>
    <None Include="assets\shaders\pointShadow.vert">
      <Filter>Resource Files\Shaders</Filter>
    </None>
  </ItemGroup>
  <ItemGroup>
    <ClCompile Include="src\Testbed.cpp">
      <Filter>Source Files</Filter>
    </ClCompile>
  </ItemGroup>
  <ItemGroup>
    <Font Include="assets\fonts\GenericMobileSystem.ttf">
      <Filter>Resource Files\Fonts</Filter>
    </Font>
  </ItemGroup>
</Project>