
Microsoft Visual Studio Solution File, Format Version 12.00
# Visual Studio 15
VisualStudioVersion = 15.0.27703.2042
MinimumVisualStudioVersion = 10.0.40219.1
Project("{8BC9CEB8-8B4A-11D0-8D11-00A0C91BC942}") = "GameArc", "GameArc\GameArc.vcxproj", "{DE800B6B-BBB1-42B6-89E2-0B033A53BD33}"
EndProject
Project("{8BC9CEB8-8B4A-11D0-8D11-00A0C91BC942}") = "Testbed", "Testbed\Testbed.vcxproj", "{CE5A30E7-9A27-4524-B1B2-1D6957F0F2C4}"
EndProject
Project("{8BC9CEB8-8B4A-11D0-8D11-00A0C91BC942}") = "GameArcTesting", "GameArcTesting\GameArcTesting.vcxproj", "{9071CAED-D7F3-46CA-817A-5EA964818EF8}"
EndProject
Global
	GlobalSection(SolutionConfigurationPlatforms) = preSolution
		Debug|ARM = Debug|ARM
		Debug|x64 = Debug|x64
		Debug|x86 = Debug|x86
		Release|ARM = Release|ARM
		Release|x64 = Release|x64
		Release|x86 = Release|x86
	EndGlobalSection
	GlobalSection(ProjectConfigurationPlatforms) = postSolution
		{DE800B6B-BBB1-42B6-89E2-0B033A53BD33}.Debug|ARM.ActiveCfg = Debug|Win32
		{DE800B6B-BBB1-42B6-89E2-0B033A53BD33}.Debug|x64.ActiveCfg = Debug|x64
		{DE800B6B-BBB1-42B6-89E2-0B033A53BD33}.Debug|x64.Build.0 = Debug|x64
		{DE800B6B-BBB1-42B6-89E2-0B033A53BD33}.Debug|x86.ActiveCfg = Debug|Win32
		{DE800B6B-BBB1-42B6-89E2-0B033A53BD33}.Debug|x86.Build.0 = Debug|Win32
		{DE800B6B-BBB1-42B6-89E2-0B033A53BD33}.Release|ARM.ActiveCfg = Release|Win32
		{DE800B6B-BBB1-42B6-89E2-0B033A53BD33}.Release|x64.ActiveCfg = Release|x64
		{DE800B6B-BBB1-42B6-89E2-0B033A53BD33}.Release|x64.Build.0 = Release|x64
		{DE800B6B-BBB1-42B6-89E2-0B033A53BD33}.Release|x86.ActiveCfg = Release|Win32
		{DE800B6B-BBB1-42B6-89E2-0B033A53BD33}.Release|x86.Build.0 = Release|Win32
		{CE5A30E7-9A27-4524-B1B2-1D6957F0F2C4}.Debug|ARM.ActiveCfg = Debug|Win32
		{CE5A30E7-9A27-4524-B1B2-1D6957F0F2C4}.Debug|x64.ActiveCfg = Debug|x64
		{CE5A30E7-9A27-4524-B1B2-1D6957F0F2C4}.Debug|x64.Build.0 = Debug|x64
		{CE5A30E7-9A27-4524-B1B2-1D6957F0F2C4}.Debug|x86.ActiveCfg = Debug|Win32
		{CE5A30E7-9A27-4524-B1B2-1D6957F0F2C4}.Debug|x86.Build.0 = Debug|Win32
		{CE5A30E7-9A27-4524-B1B2-1D6957F0F2C4}.Release|ARM.ActiveCfg = Release|Win32
		{CE5A30E7-9A27-4524-B1B2-1D6957F0F2C4}.Release|x64.ActiveCfg = Release|x64
		{CE5A30E7-9A27-4524-B1B2-1D6957F0F2C4}.Release|x64.Build.0 = Release|x64
		{CE5A30E7-9A27-4524-B1B2-1D6957F0F2C4}.Release|x86.ActiveCfg = Release|Win32
		{CE5A30E7-9A27-4524-B1B2-1D6957F0F2C4}.Release|x86.Build.0 = Release|Win32
		{9071CAED-D7F3-46CA-817A-5EA964818EF8}.Debug|ARM.ActiveCfg = Debug|Win32
		{9071CAED-D7F3-46CA-817A-5EA964818EF8}.Debug|x64.ActiveCfg = Debug|x64
		{9071CAED-D7F3-46CA-817A-5EA964818EF8}.Debug|x64.Build.0 = Debug|x64
		{9071CAED-D7F3-46CA-817A-5EA964818EF8}.Debug|x86.ActiveCfg = Debug|Win32
		{9071CAED-D7F3-46CA-817A-5EA964818EF8}.Debug|x86.Build.0 = Debug|Win32
		{9071CAED-D7F3-46CA-817A-5EA964818EF8}.Release|ARM.ActiveCfg = Release|Win32
		{9071CAED-D7F3-46CA-817A-5EA964818EF8}.Release|x64.ActiveCfg = Release|x64
		{9071CAED-D7F3-46CA-817A-5EA964818EF8}.Release|x64.Build.0 = Release|x64
		{9071CAED-D7F3-46CA-817A-5EA964818EF8}.Release|x86.ActiveCfg = Release|Win32
		{9071CAED-D7F3-46CA-817A-5EA964818EF8}.Release|x86.Build.0 = Release|Win32
	EndGlobalSection
	GlobalSection(SolutionProperties) = preSolution
		HideSolutionNode = FALSE
	EndGlobalSection
	GlobalSection(ExtensibilityGlobals) = postSolution
		SolutionGuid = {3B250163-8F4B-4C3D-96DC-26D838C4C0F7}
	EndGlobalSection
EndGlobal
